
Microsoft Visual Studio Solution File, Format Version 12.00
# Visual Studio Version 16
VisualStudioVersion = 16.0.30717.126
MinimumVisualStudioVersion = 10.0.40219.1
Project("{FAE04EC0-301F-11D3-BF4B-00C04F79EFBC}") = "TodoListApp", "TodoListApp\TodoListApp.csproj", "{0A60AD8C-6037-4FEF-9A03-FB4D4136B367}"
EndProject
Project("{FAE04EC0-301F-11D3-BF4B-00C04F79EFBC}") = "TodoListApp.DataAcces", "TodoListApp.DataAcces\TodoListApp.DataAcces.csproj", "{C0CBA4E7-B2A4-4B03-8A97-1C11B9A6725D}"
EndProject
Project("{FAE04EC0-301F-11D3-BF4B-00C04F79EFBC}") = "TodoListApp.Models", "TodoListApp.Models\TodoListApp.Models.csproj", "{DB1EEDF8-811F-4E79-994C-CE3CF4CEE61F}"
EndProject
Project("{FAE04EC0-301F-11D3-BF4B-00C04F79EFBC}") = "TodoListApp.Utilities", "TodoListApp.Utilities\TodoListApp.Utilities.csproj", "{B1A5524D-F671-4F03-B732-33F532CDBCC1}"
EndProject
Global
	GlobalSection(SolutionConfigurationPlatforms) = preSolution
		Debug|Any CPU = Debug|Any CPU
		Release|Any CPU = Release|Any CPU
	EndGlobalSection
	GlobalSection(ProjectConfigurationPlatforms) = postSolution
		{0A60AD8C-6037-4FEF-9A03-FB4D4136B367}.Debug|Any CPU.ActiveCfg = Debug|Any CPU
		{0A60AD8C-6037-4FEF-9A03-FB4D4136B367}.Debug|Any CPU.Build.0 = Debug|Any CPU
		{0A60AD8C-6037-4FEF-9A03-FB4D4136B367}.Release|Any CPU.ActiveCfg = Release|Any CPU
		{0A60AD8C-6037-4FEF-9A03-FB4D4136B367}.Release|Any CPU.Build.0 = Release|Any CPU
		{C0CBA4E7-B2A4-4B03-8A97-1C11B9A6725D}.Debug|Any CPU.ActiveCfg = Debug|Any CPU
		{C0CBA4E7-B2A4-4B03-8A97-1C11B9A6725D}.Debug|Any CPU.Build.0 = Debug|Any CPU
		{C0CBA4E7-B2A4-4B03-8A97-1C11B9A6725D}.Release|Any CPU.ActiveCfg = Release|Any CPU
		{C0CBA4E7-B2A4-4B03-8A97-1C11B9A6725D}.Release|Any CPU.Build.0 = Release|Any CPU
		{DB1EEDF8-811F-4E79-994C-CE3CF4CEE61F}.Debug|Any CPU.ActiveCfg = Debug|Any CPU
		{DB1EEDF8-811F-4E79-994C-CE3CF4CEE61F}.Debug|Any CPU.Build.0 = Debug|Any CPU
		{DB1EEDF8-811F-4E79-994C-CE3CF4CEE61F}.Release|Any CPU.ActiveCfg = Release|Any CPU
		{DB1EEDF8-811F-4E79-994C-CE3CF4CEE61F}.Release|Any CPU.Build.0 = Release|Any CPU
		{B1A5524D-F671-4F03-B732-33F532CDBCC1}.Debug|Any CPU.ActiveCfg = Debug|Any CPU
		{B1A5524D-F671-4F03-B732-33F532CDBCC1}.Debug|Any CPU.Build.0 = Debug|Any CPU
		{B1A5524D-F671-4F03-B732-33F532CDBCC1}.Release|Any CPU.ActiveCfg = Release|Any CPU
		{B1A5524D-F671-4F03-B732-33F532CDBCC1}.Release|Any CPU.Build.0 = Release|Any CPU
	EndGlobalSection
	GlobalSection(SolutionProperties) = preSolution
		HideSolutionNode = FALSE
	EndGlobalSection
	GlobalSection(ExtensibilityGlobals) = postSolution
		SolutionGuid = {30AB6A4D-12ED-456E-8DBE-B13A18B5C68C}
	EndGlobalSection
EndGlobal
