
Microsoft Visual Studio Solution File, Format Version 12.00
# Visual Studio Version 16
VisualStudioVersion = 16.0.30717.126
MinimumVisualStudioVersion = 10.0.40219.1
Project("{FAE04EC0-301F-11D3-BF4B-00C04F79EFBC}") = "CrudEF", "CrudEF\CrudEF.csproj", "{A1935780-E5CF-45EB-B1FB-085F6981D69E}"
EndProject
Global
	GlobalSection(SolutionConfigurationPlatforms) = preSolution
		Debug|Any CPU = Debug|Any CPU
		Release|Any CPU = Release|Any CPU
	EndGlobalSection
	GlobalSection(ProjectConfigurationPlatforms) = postSolution
		{A1935780-E5CF-45EB-B1FB-085F6981D69E}.Debug|Any CPU.ActiveCfg = Debug|Any CPU
		{A1935780-E5CF-45EB-B1FB-085F6981D69E}.Debug|Any CPU.Build.0 = Debug|Any CPU
		{A1935780-E5CF-45EB-B1FB-085F6981D69E}.Release|Any CPU.ActiveCfg = Release|Any CPU
		{A1935780-E5CF-45EB-B1FB-085F6981D69E}.Release|Any CPU.Build.0 = Release|Any CPU
	EndGlobalSection
	GlobalSection(SolutionProperties) = preSolution
		HideSolutionNode = FALSE
	EndGlobalSection
	GlobalSection(ExtensibilityGlobals) = postSolution
		SolutionGuid = {C27B88A3-E42D-4029-93FB-CF7A3EF1F8D6}
	EndGlobalSection
EndGlobal
